# This file is autogenerated, do not edit; changes may be undone by the next 'dep ensure'.


[[projects]]
  branch = "master"
  digest = "1:5b8a3b9e8d146a93f6d0538d3be408c9adff07fd694d4094b814a376b4727b14"
  name = "github.com/Shopify/logrus-bugsnag"
  packages = ["."]
  pruneopts = "UT"
  revision = "577dee27f20dd8f1a529f82210094af593be12bd"

[[projects]]
  digest = "1:7b81d2ed76bf960333a8020c4b8c22abd6072f0b54ad31c66e90e6a17a19315a"
  name = "github.com/bshuster-repo/logrus-logstash-hook"
  packages = ["."]
  pruneopts = "UT"
  revision = "dbc1e22735aa6ed7bd9579a407c17bc7c4a4e046"
  version = "v0.4.1"

[[projects]]
  digest = "1:aeb8a3c88503ace4a5ac883491fcff76a610636ba9dc4753dc18740aae5cc937"
  name = "github.com/bugsnag/bugsnag-go"
  packages = [
    ".",
    "device",
    "errors",
    "headers",
    "sessions",
  ]
  pruneopts = "UT"
  revision = "834d8fee64233ea79b0389ad7a5a438261788f66"
  version = "v1.4.0"

[[projects]]
  digest = "1:3049c43c6d1cfaa347acd27d6342187f8f38d9f416bbba7b02b43f82848302d2"
  name = "github.com/bugsnag/panicwrap"
  packages = ["."]
  pruneopts = "UT"
  revision = "4009b2b7c78d820cc4a2e42f035bb557ce4ae45b"
  version = "v1.2.0"

[[projects]]
  digest = "1:90f6e3a87e2647608b03bd474a485af2dffadcf3c7108d39f01b6f46e8aafec8"
  name = "github.com/emersion/go-message"
  packages = [
    ".",
    "charset",
  ]
  pruneopts = "UT"
  revision = "f7e2be8074d097a816a1f5bd9d502adc46275d4a"
  version = "v0.9.1"

[[projects]]
  branch = "master"
  digest = "1:47fffd6812689e229e8072737578af99cad0b17707cc07c36344c63bb6b797f1"
  name = "github.com/emersion/go-textwrapper"
  packages = ["."]
  pruneopts = "UT"
  revision = "d0e65e56babe3f687ff94c1d764ca0e6aa7723ee"

[[projects]]
  branch = "master"
  digest = "1:78102ee4d536347316bc42e818340cc50902e45dbd7fdd524c5a1fc0cb07b588"
  name = "github.com/globalsign/mgo"
  packages = [
    ".",
    "bson",
    "internal/json",
    "internal/sasl",
    "internal/scram",
  ]
  pruneopts = "UT"
  revision = "eeefdecb41b842af6dc652aaea4026e8403e62df"

[[projects]]
  digest = "1:bed9d72d596f94e65fff37f4d6c01398074a6bb1c3f3ceff963516bd01db6ff5"
  name = "github.com/gofrs/uuid"
  packages = ["."]
  pruneopts = "UT"
  revision = "6b08a5c5172ba18946672b49749cde22873dd7c2"
  version = "v3.2.0"

[[projects]]
  digest = "1:318f1c959a8a740366fce4b1e1eb2fd914036b4af58fbd0a003349b305f118ad"
  name = "github.com/golang/protobuf"
  packages = ["proto"]
  pruneopts = "UT"
  revision = "c823c79ea1570fb5ff454033735a8e68575d1d0f"
  version = "v1.3.0"

[[projects]]
  digest = "1:38ec74012390146c45af1f92d46e5382b50531247929ff3a685d2b2be65155ac"
  name = "github.com/gomodule/redigo"
  packages = [
    "internal",
    "redis",
  ]
  pruneopts = "UT"
  revision = "9c11da706d9b7902c6da69c592f75637793fe121"
  version = "v2.0.0"

[[projects]]
  digest = "1:664d37ea261f0fc73dd17f4a1f5f46d01fbb0b0d75f6375af064824424109b7d"
  name = "github.com/gorilla/handlers"
  packages = ["."]
  pruneopts = "UT"
  revision = "7e0847f9db758cdebd26c149d0ae9d5d0b9c98ce"
  version = "v1.4.0"

[[projects]]
  digest = "1:ca59b1175189b3f0e9f1793d2c350114be36eaabbe5b9f554b35edee1de50aea"
  name = "github.com/gorilla/mux"
  packages = ["."]
  pruneopts = "UT"
  revision = "a7962380ca08b5a188038c69871b8d3fbdf31e89"
  version = "v1.7.0"

[[projects]]
  digest = "1:e72d1ebb8d395cf9f346fd9cbc652e5ae222dd85e0ac842dc57f175abed6d195"
  name = "github.com/gorilla/securecookie"
  packages = ["."]
  pruneopts = "UT"
  revision = "e59506cc896acb7f7bf732d4fdf5e25f7ccd8983"
  version = "v1.1.1"

[[projects]]
  digest = "1:870d441fe217b8e689d7949fef6e43efbc787e50f200cb1e70dbca9204a1d6be"
  name = "github.com/inconshreveable/mousetrap"
  packages = ["."]
  pruneopts = "UT"
  revision = "76626ae9c91c4f2a10f34cad8ce83ea42c93bb75"
  version = "v1.0"

[[projects]]
  branch = "master"
  digest = "1:f433da6fbabb0bd1bd730fd340782015c644123d02eb78c20c69ce03352daad1"
  name = "github.com/kardianos/osext"
  packages = ["."]
  pruneopts = "UT"
  revision = "2bc1f35cddc0cc527b4bc3dce8578fc2a6c11384"

[[projects]]
  digest = "1:31e761d97c76151dde79e9d28964a812c46efc5baee4085b86f68f0c654450de"
  name = "github.com/konsorten/go-windows-terminal-sequences"
  packages = ["."]
  pruneopts = "UT"
  revision = "f55edac94c9bbba5d6182a4be46d86a2c9b5b50e"
  version = "v1.0.2"

[[projects]]
  digest = "1:ca955a9cd5b50b0f43d2cc3aeb35c951473eeca41b34eb67507f1dbcc0542394"
  name = "github.com/kr/pretty"
  packages = ["."]
  pruneopts = "UT"
  revision = "73f6ac0b30a98e433b289500d779f50c1a6f0712"
  version = "v0.1.0"

[[projects]]
  digest = "1:15b5cc79aad436d47019f814fde81a10221c740dc8ddf769221a65097fb6c2e9"
  name = "github.com/kr/text"
  packages = ["."]
  pruneopts = "UT"
  revision = "e2ffdb16a802fe2bb95e2e35ff34f0e53aeef34f"
  version = "v0.1.0"

[[projects]]
  branch = "master"
  digest = "1:68e5a49c68fc8a8fbf152ce3c706d0e5f4e07a219f5eafbe9d5786dbda6bd1b7"
  name = "github.com/minio/minio"
  packages = ["pkg/wildcard"]
  pruneopts = "UT"
  revision = "a0ee7be05096078f364ce00a3199d99c3b4e92d9"

[[projects]]
  digest = "1:90bd837cc278cfe1d698a0a25b585f920b2f7fed395c95ce9bf8ce643ca9d945"
  name = "github.com/minio/minio-go"
  packages = [
    "pkg/s3utils",
    "pkg/set",
  ]
  pruneopts = "UT"
  revision = "5df22878d3cdee48fbb086449268b1a465147c7d"
  version = "v6.0.20"

[[projects]]
  digest = "1:be88a46cd36136d9a0fbe8f42dffc269a62544e3a12ff3b047b4704f9b349b42"
  name = "github.com/mozillazg/go-unidecode"
  packages = [
    ".",
    "table",
  ]
  pruneopts = "UT"
  revision = "7ab3c72180eeb79ccb8746137e14d6b0a60dd685"
  version = "v0.1.0"

[[projects]]
  branch = "master"
  digest = "1:8209ed8bf2336848aa760c11e809f93ba96fffa64d3c2948e970a362a46e534b"
  name = "github.com/shibukawa/configdir"
  packages = ["."]
  pruneopts = "UT"
  revision = "e180dbdc8da04c4fa04272e875ce64949f38bd3e"

[[projects]]
  digest = "1:e4c72127d910a96daf869a44f3dd563b86dbe6931a172863a0e99c5ff04b59e4"
  name = "github.com/sirupsen/logrus"
  packages = ["."]
  pruneopts = "UT"
  revision = "dae0fa8d5b0c810a8ab733fbd5510c7cae84eca4"
  version = "v1.4.0"

[[projects]]
  digest = "1:645cabccbb4fa8aab25a956cbcbdf6a6845ca736b2c64e197ca7cbb9d210b939"
  name = "github.com/spf13/cobra"
  packages = ["."]
  pruneopts = "UT"
  revision = "ef82de70bb3f60c65fb8eebacbb2d122ef517385"
  version = "v0.0.3"

[[projects]]
  digest = "1:c1b1102241e7f645bc8e0c22ae352e8f0dc6484b6cb4d132fa9f24174e0119e2"
  name = "github.com/spf13/pflag"
  packages = ["."]
  pruneopts = "UT"
  revision = "298182f68c66c05229eb03ac171abe6e309ee79a"
  version = "v1.0.3"

[[projects]]
  digest = "1:af47085335474571b48650a705ca90f01c57608d8477d8646ed3588b493462fc"
  name = "github.com/syaiful6/sersan"
  packages = ["."]
  pruneopts = "UT"
  revision = "d37153931fb0c5c2ae2d7d94d1528879cfe01b73"
  version = "v0.1.0"

[[projects]]
  branch = "master"
  digest = "1:0548c16cd26121fdea8a3bd76b04995f02aac7832b0c443f07a1b11407990f21"
  name = "github.com/syaiful6/thatique"
  packages = ["uuid"]
  pruneopts = "UT"
  revision = "98b8c14789f9d762b962ba433da9d603491679b5"

[[projects]]
  branch = "master"
  digest = "1:0c75a1e88c2b1e0361102c133f2690fd1fd5ab5da829f60a9c2dd20b9c224c71"
  name = "golang.org/x/crypto"
  packages = [
    "bcrypt",
    "blowfish",
    "ssh/terminal",
  ]
  pruneopts = "UT"
  revision = "a1f597ede03a7bef967a422b5b3a5bd08805a01e"

[[projects]]
  branch = "master"
  digest = "1:f8b491a7c25030a895a0e579742d07136e6958e77ef2d46e769db8eec4e58fcd"
  name = "golang.org/x/net"
  packages = [
    "context",
    "context/ctxhttp",
  ]
  pruneopts = "UT"
  revision = "9f648a60d9775ef5c977e7669d1673a7a67bef33"

[[projects]]
  branch = "master"
  digest = "1:037497a2c592b7aa03789f9d6492d02e7d7d166c0e363c95cb53952cf11c7ab0"
  name = "golang.org/x/oauth2"
  packages = [
    ".",
    "internal",
  ]
  pruneopts = "UT"
  revision = "e64efc72b421e893cbf63f17ba2221e7d6d0b0f3"

[[projects]]
  branch = "master"
  digest = "1:944736317d4f2fb1c1015ef9ca05fd9313b4e19f1128901cc678f636435fa9b0"
  name = "golang.org/x/sys"
  packages = [
    "unix",
    "windows",
  ]
  pruneopts = "UT"
  revision = "fead79001313d15903fb4605b4a1b781532cd93e"

[[projects]]
  digest = "1:8eae63fdad880f0a261f473523e0f66b9be0361360d9d42c7b499227070ff5af"
  name = "golang.org/x/text"
  packages = [
    "encoding",
    "encoding/charmap",
    "encoding/internal",
    "encoding/internal/identifier",
    "encoding/japanese",
    "encoding/simplifiedchinese",
    "encoding/traditionalchinese",
    "internal/gen",
    "transform",
    "unicode/cldr",
  ]
  pruneopts = "UT"
  revision = "f21a4dfb5e38f5895301dc265a8def02365cc3d0"
  version = "v0.3.0"

[[projects]]
  digest = "1:6f3bd49ddf2e104e52062774d797714371fac1b8bddfd8e124ce78e6b2264a10"
  name = "google.golang.org/appengine"
  packages = [
    "internal",
    "internal/base",
    "internal/datastore",
    "internal/log",
    "internal/remote_api",
    "internal/urlfetch",
    "urlfetch",
  ]
  pruneopts = "UT"
  revision = "e9657d882bb81064595ca3b56cbe2546bbabf7b1"
  version = "v1.4.0"

[[projects]]
  branch = "v1"
  digest = "1:af715ae33cc1f5695c4b2a4e4b21d008add8802a99e15bb467ac7c32edb5000d"
  name = "gopkg.in/check.v1"
  packages = ["."]
  pruneopts = "UT"
  revision = "788fd78401277ebd861206a03c884797c6ec5541"

[[projects]]
  digest = "1:4d2e5a73dc1500038e504a8d78b986630e3626dc027bc030ba5c75da257cdb96"
  name = "gopkg.in/yaml.v2"
  packages = ["."]
  pruneopts = "UT"
  revision = "51d6538a90f86fe93ac480b35f37b2be17fef232"
  version = "v2.2.2"

[solve-meta]
  analyzer-name = "dep"
  analyzer-version = 1
  input-imports = [
    "github.com/Shopify/logrus-bugsnag",
    "github.com/bshuster-repo/logrus-logstash-hook",
    "github.com/bugsnag/bugsnag-go",
    "github.com/emersion/go-message",
    "github.com/globalsign/mgo",
    "github.com/globalsign/mgo/bson",
    "github.com/gomodule/redigo/redis",
    "github.com/gorilla/handlers",
    "github.com/gorilla/mux",
    "github.com/minio/minio-go/pkg/s3utils",
    "github.com/minio/minio-go/pkg/set",
    "github.com/minio/minio/pkg/wildcard",
    "github.com/mozillazg/go-unidecode",
    "github.com/shibukawa/configdir",
    "github.com/sirupsen/logrus",
    "github.com/spf13/cobra",
    "github.com/syaiful6/sersan",
    "github.com/syaiful6/thatique/uuid",
    "golang.org/x/crypto/bcrypt",
    "golang.org/x/oauth2",
    "gopkg.in/check.v1",
    "gopkg.in/yaml.v2",
  ]
  solver-name = "gps-cdcl"
  solver-version = 1
